
Microsoft Visual Studio Solution File, Format Version 12.00
# Visual Studio 2013
VisualStudioVersion = 12.0.31101.0
MinimumVisualStudioVersion = 10.0.40219.1
Project("{8BC9CEB8-8B4A-11D0-8D11-00A0C91BC942}") = "EXE10", "EXE10\EXE10.vcxproj", "{C0682235-7801-4E5E-8013-7A06CA9C93A5}"
EndProject
Global
	GlobalSection(SolutionConfigurationPlatforms) = preSolution
		Debug|Win32 = Debug|Win32
		Release|Win32 = Release|Win32
	EndGlobalSection
	GlobalSection(ProjectConfigurationPlatforms) = postSolution
		{C0682235-7801-4E5E-8013-7A06CA9C93A5}.Debug|Win32.ActiveCfg = Debug|Win32
		{C0682235-7801-4E5E-8013-7A06CA9C93A5}.Debug|Win32.Build.0 = Debug|Win32
		{C0682235-7801-4E5E-8013-7A06CA9C93A5}.Release|Win32.ActiveCfg = Release|Win32
		{C0682235-7801-4E5E-8013-7A06CA9C93A5}.Release|Win32.Build.0 = Release|Win32
	EndGlobalSection
	GlobalSection(SolutionProperties) = preSolution
		HideSolutionNode = FALSE
	EndGlobalSection
EndGlobal
